
Microsoft Visual Studio Solution File, Format Version 12.00
# Visual Studio Version 17
VisualStudioVersion = 17.7.34031.279
MinimumVisualStudioVersion = 10.0.40219.1
Project("{9A19103F-16F7-4668-BE54-9A1E7A4F7556}") = "TRANSMARIZE", "TRANSMARIZE\TRANSMARIZE.csproj", "{90E9E6A9-9EBA-4E60-88FF-76D09CD43FC6}"
EndProject
Project("{9A19103F-16F7-4668-BE54-9A1E7A4F7556}") = "TRANSMARIZE.Desktop", "TRANSMARIZE.Desktop\TRANSMARIZE.Desktop.csproj", "{6A6E1F99-9875-4786-8BE2-5897AC1CF51A}"
EndProject
Global
	GlobalSection(SolutionConfigurationPlatforms) = preSolution
		Debug|Any CPU = Debug|Any CPU
		Release|Any CPU = Release|Any CPU
	EndGlobalSection
	GlobalSection(ProjectConfigurationPlatforms) = postSolution
		{90E9E6A9-9EBA-4E60-88FF-76D09CD43FC6}.Debug|Any CPU.ActiveCfg = Debug|Any CPU
		{90E9E6A9-9EBA-4E60-88FF-76D09CD43FC6}.Debug|Any CPU.Build.0 = Debug|Any CPU
		{90E9E6A9-9EBA-4E60-88FF-76D09CD43FC6}.Release|Any CPU.ActiveCfg = Release|Any CPU
		{90E9E6A9-9EBA-4E60-88FF-76D09CD43FC6}.Release|Any CPU.Build.0 = Release|Any CPU
		{6A6E1F99-9875-4786-8BE2-5897AC1CF51A}.Debug|Any CPU.ActiveCfg = Debug|Any CPU
		{6A6E1F99-9875-4786-8BE2-5897AC1CF51A}.Debug|Any CPU.Build.0 = Debug|Any CPU
		{6A6E1F99-9875-4786-8BE2-5897AC1CF51A}.Release|Any CPU.ActiveCfg = Release|Any CPU
		{6A6E1F99-9875-4786-8BE2-5897AC1CF51A}.Release|Any CPU.Build.0 = Release|Any CPU
	EndGlobalSection
	GlobalSection(SolutionProperties) = preSolution
		HideSolutionNode = FALSE
	EndGlobalSection
	GlobalSection(ExtensibilityGlobals) = postSolution
		SolutionGuid = {793F8E84-E8E2-43A1-95E5-889CD0B88D3A}
	EndGlobalSection
EndGlobal
